# This file is automatically @generated by Cargo.
# It is not intended for manual editing.
version = 4

[[package]]
name = "slsk"
version = "0.1.0"

[dependencies]
tokio = { version = "1",    features = ["full"] }
bytes = "1"
md5 = "0.7"
flate2 = "1"
tracing = "0.1"
tracing-subscriber = { version = "0.3", features = ["env-filter"] }
thiserror = "1"
rand = "0.8"
anyhow = "1"